version = 1
revision = 3
requires-python = ">=3.14, <3.15"

[[package]]
name = "gdkpixbuf-glibc-build"
version = "0.1.0"
source = { virtual = "." }
dependencies = [
    { name = "meson" },
]

[package.metadata]
requires-dist = [
    { name = "meson", specifier = "==1.11.1" },
]

[[package]]
name = "meson"
version = "1.11.1"
source = { registry = "https://pypi.org/simple" }
wheels = [
    { url = "https://files.pythonhosted.org/packages/5e/cd/f3a881ff5e601d6bbeff63b38ee2362e1167c47d9cde03eddf8d71a4ffb0/meson-1.11.1-py3-none-any.whl", hash = "sha256:9b3a023657e393dbc5335b95c561337d49b7a458f5541e47ec44f2cc566e0d80", size = 1078534, upload-time = "2026-04-21T03:15:31.611Z" },
]
